
Microsoft Visual Studio Solution File, Format Version 12.00
# Visual Studio 2013
VisualStudioVersion = 12.0.40629.0
MinimumVisualStudioVersion = 10.0.40219.1
Project("{FAE04EC0-301F-11D3-BF4B-00C04F79EFBC}") = "GoogleMapsManager", "GoogleMapsManager\GoogleMapsManager.csproj", "{50FF3537-2182-4E8A-BAFE-D5138486CA45}"
EndProject
Global
	GlobalSection(TeamFoundationVersionControl) = preSolution
		SccNumberOfProjects = 2
		SccEnterpriseProvider = {4CA58AB2-18FA-4F8D-95D4-32DDF27D184C}
		SccTeamFoundationServer = http://nt1101273:8080/tfs/developmentcollection
		SccLocalPath0 = .
		SccProjectUniqueName1 = GoogleMapsManager\\GoogleMapsManager.csproj
		SccProjectName1 = GoogleMapsManager
		SccLocalPath1 = GoogleMapsManager
	EndGlobalSection
	GlobalSection(SolutionConfigurationPlatforms) = preSolution
		Debug|Any CPU = Debug|Any CPU
		Production|Any CPU = Production|Any CPU
		QA|Any CPU = QA|Any CPU
		Release|Any CPU = Release|Any CPU
	EndGlobalSection
	GlobalSection(ProjectConfigurationPlatforms) = postSolution
		{50FF3537-2182-4E8A-BAFE-D5138486CA45}.Debug|Any CPU.ActiveCfg = Debug|Any CPU
		{50FF3537-2182-4E8A-BAFE-D5138486CA45}.Debug|Any CPU.Build.0 = Debug|Any CPU
		{50FF3537-2182-4E8A-BAFE-D5138486CA45}.Production|Any CPU.ActiveCfg = Production|Any CPU
		{50FF3537-2182-4E8A-BAFE-D5138486CA45}.Production|Any CPU.Build.0 = Production|Any CPU
		{50FF3537-2182-4E8A-BAFE-D5138486CA45}.QA|Any CPU.ActiveCfg = QA|Any CPU
		{50FF3537-2182-4E8A-BAFE-D5138486CA45}.QA|Any CPU.Build.0 = QA|Any CPU
		{50FF3537-2182-4E8A-BAFE-D5138486CA45}.Release|Any CPU.ActiveCfg = Release|Any CPU
		{50FF3537-2182-4E8A-BAFE-D5138486CA45}.Release|Any CPU.Build.0 = Release|Any CPU
	EndGlobalSection
	GlobalSection(SolutionProperties) = preSolution
		HideSolutionNode = FALSE
	EndGlobalSection
EndGlobal
